
Microsoft Visual Studio Solution File, Format Version 12.00
# Visual Studio Version 17
VisualStudioVersion = 17.13.35818.85 d17.13
MinimumVisualStudioVersion = 10.0.40219.1
Project("{FAE04EC0-301F-11D3-BF4B-00C04F79EFBC}") = "PZR17OOP_ODEV", "PZR17OOP_ODEV\PZR17OOP_ODEV.csproj", "{21AE4455-48F9-4D0B-AB19-B6DF29011ABC}"
EndProject
Global
	GlobalSection(SolutionConfigurationPlatforms) = preSolution
		Debug|Any CPU = Debug|Any CPU
		Release|Any CPU = Release|Any CPU
	EndGlobalSection
	GlobalSection(ProjectConfigurationPlatforms) = postSolution
		{21AE4455-48F9-4D0B-AB19-B6DF29011ABC}.Debug|Any CPU.ActiveCfg = Debug|Any CPU
		{21AE4455-48F9-4D0B-AB19-B6DF29011ABC}.Debug|Any CPU.Build.0 = Debug|Any CPU
		{21AE4455-48F9-4D0B-AB19-B6DF29011ABC}.Release|Any CPU.ActiveCfg = Release|Any CPU
		{21AE4455-48F9-4D0B-AB19-B6DF29011ABC}.Release|Any CPU.Build.0 = Release|Any CPU
	EndGlobalSection
	GlobalSection(SolutionProperties) = preSolution
		HideSolutionNode = FALSE
	EndGlobalSection
	GlobalSection(ExtensibilityGlobals) = postSolution
		SolutionGuid = {4E8BED69-C1B1-473E-858B-2A133BB08FEF}
	EndGlobalSection
EndGlobal
